version = 1
revision = 3
requires-python = ">=3.12"

[[package]]
name = "meal-planner-optimiser"
version = "0.1.0"
source = { editable = "." }
dependencies = [
    { name = "pyomo" },
]

[package.dev-dependencies]
dev = [
    { name = "prek" },
    { name = "ruff" },
]

[package.metadata]
requires-dist = [{ name = "pyomo", specifier = ">=6.10.1" }]

[package.metadata.requires-dev]
dev = [
    { name = "prek", specifier = ">=0.5.2" },
    { name = "ruff", specifier = ">=0.16.6" },
]

[[package]]
name = "prek"
version = "0.5.2"
source = { registry = "https://pypi.org/simple" }
sdist = { url = "https://files.pythonhosted.org/packages/b1/05/4402641f168dd862d27592cbd4c5fb171d119c15611e5dbef3df857e8932/prek-0.5.2.tar.gz", hash = "sha256:a90ea4eeba35c6081bad29775f6a49fcc33fb80372424fce64c7a9c5774e8204", size = 549442, upload-time = "2026-09-02T17:49:27.241Z" }
wheels = [
    { url = "https://files.pythonhosted.org/packages/6e/25/cf9c6064fea82ba6f4801dc3be650cc86eae3d9951e2a6fb28b21cbfa156/prek-0.5.2-py3-none-macosx_10_12_x86_64.whl", hash = "sha256:40d488a48de3f47f48bd4911ee5dec25e615f992b4cde821e9b50d40c615b39e", size = 5982622, upload-time = "2026-09-02T17:49:10.111Z" },
    { url = "https://files.pythonhosted.org/packages/cb/d9/9772fd4d4023c34780d957f407d9437e2a16d6bef77e3da9fa4374cd75bb/prek-0.5.2-py3-none-macosx_11_0_arm64.whl", hash = "sha256:0eb3b812fc13bc5c05cfc1a8b469f9665a02f845753c3759ad7aca50af707afb", size = 5525662, upload-time = "2026-09-02T17:49:12.336Z" },
    { url = "https://files.pythonhosted.org/packages/3b/19/be25a56ab243f2e5c9333c38bad33bddffec92ea8a25e34248eba6e00ac8/prek-0.5.2-py3-none-manylinux_2_17_aarch64.manylinux2014_aarch64.musllinux_1_1_aarch64.whl", hash = "sha256:c0219d1e694a962e3b3ae98f42f53065d2e2856719caee88578d24b35ea74cad", size = 5826109, upload-time = "2026-09-02T17:49:13.994Z" },
    { url = "https://files.pythonhosted.org/packages/1e/bd/a4a5a3022915b8e1768df9b2d8744f3e7c4b3bb7cdbe697612cc96054169/prek-0.5.2-py3-none-manylinux_2_17_x86_64.manylinux2014_x86_64.whl", hash = "sha256:a0e22f11c1fb5df89acf5cbde78f6139edf2c30a205bea5a5d4a094366dcdbda", size = 6201473, upload-time = "2026-09-02T17:49:16.156Z" },
    { url = "https://files.pythonhosted.org/packages/f6/fb/2e5f8adbee718f15333a113872104c4b3d25ecce423dd7117cfcd28a25fe/prek-0.5.2-py3-none-manylinux_2_28_aarch64.whl", hash = "sha256:1d52de8428d5eef7c8c0fd64efd7d31210d13924fd36a02975d462675715aeb7", size = 5829166, upload-time = "2026-09-02T17:49:17.997Z" },
    { url = "https://files.pythonhosted.org/packages/44/71/c798d54741cc8f345b211e453dda9599546fb213c3593eb711cb6c710bbf/prek-0.5.2-py3-none-musllinux_1_1_x86_64.whl", hash = "sha256:86aebcd8ab831036fc3ac9b15275412403e21041da031e6c9f1547888843e5c6", size = 6318980, upload-time = "2026-09-02T17:49:21.145Z" },
    { url = "https://files.pythonhosted.org/packages/8f/f8/4aefbf76dae091078655fbaf065c34fa900d43b39c2b88e80cbaa71b5efb/prek-0.5.2-py3-none-win_amd64.whl", hash = "sha256:b6c0e4f272f9410f8218d1db0cc7ea10cd8f62db19f820b9ace9f6c2b33bd8dd", size = 5727075, upload-time = "2026-09-02T17:49:23.656Z" },
    { url = "https://files.pythonhosted.org/packages/df/7c/409ced8866197da50e9bcb2c9bf101e3e9a35b98a851c0ccd2a44509eaa5/prek-0.5.2-py3-none-win_arm64.whl", hash = "sha256:0ebea4ef39f6446f6c414a5a506cde8942b17b5899f74cf90e352628085d4005", size = 5489643, upload-time = "2026-09-02T17:49:25.778Z" },
]

[[package]]
name = "pyomo"
version = "6.10.1"
source = { registry = "https://pypi.org/simple" }
sdist = { url = "https://files.pythonhosted.org/packages/9b/16/5ee100614f82b8bc482336afc15a554b98d847d0bcdc22e51bb559112183/pyomo-6.10.1.tar.gz", hash = "sha256:74a9109c3b4ab97e69d6b1a1ca4e96a54442a177d8b1a19393e417e6ba008ba3", size = 3276980, upload-time = "2026-06-04T21:45:42.76Z" }
wheels = [
    { url = "https://files.pythonhosted.org/packages/9a/3d/55089dbb8fdbed2b08600c50c52a7f2193f1de8bd6454a6541a8c56643ee/pyomo-6.10.1-cp312-cp312-macosx_10_13_x86_64.whl", hash = "sha256:f446764a499e535c6980435b71f297873cb13f0b040a1275853431abd35033d9", size = 4554942, upload-time = "2026-06-04T21:49:53.156Z" },
    { url = "https://files.pythonhosted.org/packages/cd/c9/2aeb79f0cb6069a7391b6724be6137624a78ac38856a3b89f62b57d1bcfb/pyomo-6.10.1-cp312-cp312-macosx_11_0_arm64.whl", hash = "sha256:1ffae4d4cd96c87d48ea19a25dd942b69b3d8383374e133f7a040ea63e361f68", size = 4540416, upload-time = "2026-06-04T21:49:55.855Z" },
    { url = "https://files.pythonhosted.org/packages/2b/b9/dd9e82c7cf1c13a5ee4f0e30fb802ec599d5a765c1e759d0b7c101a802fc/pyomo-6.10.1-cp312-cp312-manylinux_2_24_aarch64.manylinux_2_28_aarch64.whl", hash = "sha256:2ed5fe352c74b249c35437e366413582c24d1869b995fdc648e29675bb9e8c3a", size = 4610464, upload-time = "2026-06-04T22:43:09.79Z" },
    { url = "https://files.pythonhosted.org/packages/e9/1a/e82ad06861982b139e20a903b12edb654ac912c1f8669fb2efb9b2193ff0/pyomo-6.10.1-cp312-cp312-manylinux_2_24_x86_64.manylinux_2_28_x86_64.whl", hash = "sha256:be91786a9340230c031bec0e82c17acfcb5bba04801253ad09e85e4ddaf87d51", size = 4639806, upload-time = "2026-06-04T21:49:58.235Z" },
    { url = "https://files.pythonhosted.org/packages/8a/e7/52c567616293d70f58895450b0a40ea4cb12471c09f591a897bf40ee0e16/pyomo-6.10.1-cp313-cp313-macosx_10_13_x86_64.whl", hash = "sha256:1a8b838d7b66ffefa29c6a033a67dddfbcd048a94ac1ed4e11bc7e1abc40262d", size = 4555004, upload-time = "2026-06-04T21:50:00.926Z" },
    { url = "https://files.pythonhosted.org/packages/d6/50/f8a92a0738a06db030ff0a729a122c2ebbc1e0321a1a1ff4bf31a3d174c5/pyomo-6.10.1-cp313-cp313-macosx_11_0_arm64.whl", hash = "sha256:c2c9b69066428ec0b9b01e5ef146d0ff36c709fff747e20e8af00667e5d55b76", size = 4540444, upload-time = "2026-06-04T21:50:03.358Z" },
    { url = "https://files.pythonhosted.org/packages/0b/09/0c91db7da564b07493ad6899e8b72da9f8fa580bd19128ba944a1cf2ff16/pyomo-6.10.1-cp313-cp313-manylinux_2_24_aarch64.manylinux_2_28_aarch64.whl", hash = "sha256:ab4799b3a2c2728cfba1c9a1754c06dda48e2f4463c7692a027b5b884e54b16a", size = 4611118, upload-time = "2026-06-04T22:43:12.131Z" },
    { url = "https://files.pythonhosted.org/packages/9a/a4/cdcd433eed4a226014b898a14adecc94aa2e48cae69e3f831c04dc56ccfe/pyomo-6.10.1-cp313-cp313-manylinux_2_24_x86_64.manylinux_2_28_x86_64.whl", hash = "sha256:9efddbc4c83971189047e734ba108ca6fdde8ff3390e0944e6eb928db0707ecd", size = 4639577, upload-time = "2026-06-04T21:50:07.168Z" },
    { url = "https://files.pythonhosted.org/packages/56/31/7a3d182c44596a346bd590312bad947160157ea54ed9d61823e3b6df74cb/pyomo-6.10.1-cp314-cp314-macosx_10_15_x86_64.whl", hash = "sha256:8c0f3174094e058eb2d0a274c45242c6214070d1f4db43f6ac1d176ae543026f", size = 4555836, upload-time = "2026-06-04T21:50:11.623Z" },
    { url = "https://files.pythonhosted.org/packages/20/7e/c7dae636bb9a30d35fb246073629905ca50488e14c4cbc7edbedc6a15eed/pyomo-6.10.1-cp314-cp314-macosx_11_0_arm64.whl", hash = "sha256:b1f1f5f21e98ceb082be6f3dfcba13310605e4b28713ca22e35b4ce100524f0d", size = 4541457, upload-time = "2026-06-04T21:50:16.58Z" },
    { url = "https://files.pythonhosted.org/packages/cc/3e/142ca94e17a7e68443ffaa52b900f8b6ea2a6b5be5ac3558c17063c889a4/pyomo-6.10.1-cp314-cp314-manylinux_2_24_aarch64.manylinux_2_28_aarch64.whl", hash = "sha256:02501a1d1b19557fa95ac302425496c49c1b1ce66c4a7ee5a61e95e570975096", size = 4613854, upload-time = "2026-06-04T22:43:14.783Z" },
    { url = "https://files.pythonhosted.org/packages/58/74/a0e916ad096456459574677f888c8f748ad095a8934823ed2603cd4d27bb/pyomo-6.10.1-cp314-cp314-manylinux_2_24_x86_64.manylinux_2_28_x86_64.whl", hash = "sha256:7899f5261e59d60e7de4d0d6d2185e3e72b2ac79e33b888625eeb32aee8b7b9a", size = 4640473, upload-time = "2026-06-04T21:50:21.707Z" },
    { url = "https://files.pythonhosted.org/packages/f0/e9/67b333bae139f04edcd36b3713a4e0386ac5c38f896f57be6170e62f5d63/pyomo-6.10.1-cp314-cp314t-macosx_10_15_x86_64.whl", hash = "sha256:2f2d63dda6c9ee8e200627c6c9cb9b5e778eddf9089c813a281dd4868b71c684", size = 4577625, upload-time = "2026-06-04T21:50:25.366Z" },
    { url = "https://files.pythonhosted.org/packages/77/39/eb746f8c9a597e272d462db1ddf4ba571638dde80527d9a50c0ddb77a500/pyomo-6.10.1-cp314-cp314t-macosx_11_0_arm64.whl", hash = "sha256:3dbe06a08c0c73f8069a35671e680323857213007859f2c63a0ba51ea149aaa0", size = 4564114, upload-time = "2026-06-04T21:50:27.921Z" },
    { url = "https://files.pythonhosted.org/packages/b4/97/d39a5ed45bcd506898906268acc552973d1b3a9f3263c31b2e10f6449f18/pyomo-6.10.1-cp314-cp314t-manylinux_2_24_aarch64.manylinux_2_28_aarch64.whl", hash = "sha256:785d9973fa7802bbb396872ff13514fdf3cee3f8d3afa736369660518f0f90de", size = 4605976, upload-time = "2026-06-04T22:43:17.523Z" },
    { url = "https://files.pythonhosted.org/packages/38/17/49812b37738b90ff3343260fe25eaccd390142cd1fb1ca5aad16ea490b44/pyomo-6.10.1-cp314-cp314t-manylinux_2_24_x86_64.manylinux_2_28_x86_64.whl", hash = "sha256:1c8719faf9f4dcfefcb75066989b1781a45d9bac20e2a5ad236fdb21bb09a505", size = 4634159, upload-time = "2026-06-04T21:50:30.352Z" },
    { url = "https://files.pythonhosted.org/packages/40/ba/8526e3d84432a01dd4d12a3c0b3cdc8ec67432792b854ebc911e575646ca/pyomo-6.10.1-py3-none-any.whl", hash = "sha256:7a81b5301d4c0389809c1afd12311d23db04522341566332229d8ce4226bccb1", size = 4175938, upload-time = "2026-06-04T21:45:39.569Z" },
]

[[package]]
name = "ruff"
version = "0.16.6"
source = { registry = "https://pypi.org/simple" }
sdist = { url = "https://files.pythonhosted.org/packages/a4/7c/6adb35d70e7c027e308274557901c7e00fb3407750faf3620c184ae058cb/ruff-0.16.6.tar.gz", hash = "sha256:dcf8a73d2ff77e99dde91244b4da16feba7f14e6beeb4015dee7c5a909e99050", size = 4921251, upload-time = "2026-09-03T16:57:29.037Z" }
wheels = [
    { url = "https://files.pythonhosted.org/packages/a4/28/9cc1b79639e284ec103f43c88c644db4eb58cbd0ea1ca11f1193435369ac/ruff-0.16.6-py3-none-linux_armv6l.whl", hash = "sha256:61c368c26bf8e973e5ab14a2772de587bc068ea3f9a277f673380749b4898fb8", size = 10015638, upload-time = "2026-09-03T16:56:40.986Z" },
    { url = "https://files.pythonhosted.org/packages/71/11/627d342ef727ea7794edf74fe23d60a074b02c3acc2e9436684e782286ca/ruff-0.16.6-py3-none-macosx_10_12_x86_64.whl", hash = "sha256:ecf4f068e2e123e43a26e9db4e19524cc56563912404e83bbfca375757e45a32", size = 10220762, upload-time = "2026-09-03T16:56:44.681Z" },
    { url = "https://files.pythonhosted.org/packages/43/d9/b75668ce41e4c8d073d18d6d08672ba6906ce45d5c06ea4fdb2e84ce3853/ruff-0.16.6-py3-none-macosx_11_0_arm64.whl", hash = "sha256:99b62ea33baf130f50368798d841f0d95527b6d817bf31817b65dd058f1d314c", size = 9835082, upload-time = "2026-09-03T16:56:47.142Z" },
    { url = "https://files.pythonhosted.org/packages/99/97/123ab10b05cde889c107c20f5a9774955104b5552796a2a8584b089ae8eb/ruff-0.16.6-py3-none-manylinux_2_17_aarch64.manylinux2014_aarch64.whl", hash = "sha256:7fbf89013f2bb3f6835a6038ff658dc8a1b38c98dc8e724b964168ad4e881876", size = 9949304, upload-time = "2026-09-03T16:56:49.813Z" },
    { url = "https://files.pythonhosted.org/packages/3e/58/a4a2c59dd2e5b85929c912d9cac3056eb9ee8c7e75e9b9fe3e109174966b/ruff-0.16.6-py3-none-manylinux_2_17_armv7l.manylinux2014_armv7l.whl", hash = "sha256:56a67065e22efa6bc4d498299d3bb06c0c90aace8fac2068b5a12f9dc4d8d51d", size = 9840612, upload-time = "2026-09-03T16:56:52.368Z" },
    { url = "https://files.pythonhosted.org/packages/61/6a/ff8c8626a786c4f49d48ced4a752dadbca65f5263005f9c2416578194694/ruff-0.16.6-py3-none-manylinux_2_17_i686.manylinux2014_i686.whl", hash = "sha256:e25cc89174874b176a157e4428d66761c2c0c006654419bf384f967f361ff1b1", size = 10543465, upload-time = "2026-09-03T16:56:55.089Z" },
    { url = "https://files.pythonhosted.org/packages/ad/bb/c47535923365f337b82e28192e4e9eef2176511007cfd99a62fc22df5dad/ruff-0.16.6-py3-none-manylinux_2_17_ppc64le.manylinux2014_ppc64le.whl", hash = "sha256:0700580ed5303723cb3c11c2f1d2a8913ce77b7ea86646dddb887f5417a9ba70", size = 11267576, upload-time = "2026-09-03T16:56:57.791Z" },
    { url = "https://files.pythonhosted.org/packages/ba/50/e5119a5212b5cd63b51e1f4b25e7bd636a6668fc069a3160b108ad7e3c16/ruff-0.16.6-py3-none-manylinux_2_17_s390x.manylinux2014_s390x.whl", hash = "sha256:15f1d0b6e165a6e56567befb6629f8209271311d990bae0f37e6d065035ef5f3", size = 10781993, upload-time = "2026-09-03T16:57:00.666Z" },
    { url = "https://files.pythonhosted.org/packages/8b/98/083d8b4ef3c51a0d19db84367791cbe9f44e4b53343d19dfa83556e1cd9a/ruff-0.16.6-py3-none-manylinux_2_17_x86_64.manylinux2014_x86_64.whl", hash = "sha256:d72c591a96986ee4268860e2b7235082129ca5e4cb9cbba653a4b57c11893757", size = 10317748, upload-time = "2026-09-03T16:57:03.428Z" },
    { url = "https://files.pythonhosted.org/packages/9a/29/68f7ff2c5ad95f19f00627ac2de95644e25fe47371ea60b2db1fd952315e/ruff-0.16.6-py3-none-manylinux_2_31_riscv64.whl", hash = "sha256:65a006baa18f33324325814c864daef03541d51564b98c517610ea756ab7003e", size = 10540096, upload-time = "2026-09-03T16:57:06.182Z" },
    { url = "https://files.pythonhosted.org/packages/c4/f9/79a8f6de85968641d68a7863aeec577551924ef066a990a48ff93167beab/ruff-0.16.6-py3-none-musllinux_1_2_aarch64.whl", hash = "sha256:cd02a7bf1a21a8735228a3e8c95a9dc5cf86bd2a52194f4aaae2a5755b4de0f4", size = 10100494, upload-time = "2026-09-03T16:57:09.194Z" },
    { url = "https://files.pythonhosted.org/packages/d9/e8/b81a22d9b90c00b892ccf2fa2ac36fa95de4c13ab85aea3e73795cfe4651/ruff-0.16.6-py3-none-musllinux_1_2_armv7l.whl", hash = "sha256:31b36f1e5ad85e0737f09d2be4e512e2e283583c14015da3b9dc07359ac0fc88", size = 9843663, upload-time = "2026-09-03T16:57:12.168Z" },
    { url = "https://files.pythonhosted.org/packages/39/aa/54f516ec5e5a11c4afdceb1c454ebb054ffb96e4f4a1705580b4346abd35/ruff-0.16.6-py3-none-musllinux_1_2_i686.whl", hash = "sha256:61029b4ab4aa723fd3064fab96b1d814492596bf0c792679fffcbde1e1679953", size = 10282461, upload-time = "2026-09-03T16:57:15.077Z" },
    { url = "https://files.pythonhosted.org/packages/52/0b/38d0aa8aa32372b96dc44f97b22e576c4147808271aab7b2cb1e353d4445/ruff-0.16.6-py3-none-musllinux_1_2_x86_64.whl", hash = "sha256:9ac8998457832c2061709d900856b7ad271dace0cb41f346588d540162bfa718", size = 10728808, upload-time = "2026-09-03T16:57:17.797Z" },
    { url = "https://files.pythonhosted.org/packages/5e/e5/9e274e24eeb027640ffc7442f21239f16d17f47acec15ae34f32e03a5c79/ruff-0.16.6-py3-none-win32.whl", hash = "sha256:0b87d9d16fcb63e8018423ca1d50b7260f15cb2da33e30db4baad4183a948c25", size = 10049212, upload-time = "2026-09-03T16:57:20.55Z" },
    { url = "https://files.pythonhosted.org/packages/22/31/72472449414223ed1a2da236b992adbb1a2ae59e34794574810f60ce068e/ruff-0.16.6-py3-none-win_amd64.whl", hash = "sha256:10d21c51c3495d8eaea7b703a16592117ea6eb1d649e36335aa965ff1173eb39", size = 10556402, upload-time = "2026-09-03T16:57:23.501Z" },
    { url = "https://files.pythonhosted.org/packages/fc/07/d781f8f8e1ac24bef9f3269cf62ffb1407ca24c3a8f12e5e22874f90528c/ruff-0.16.6-py3-none-win_arm64.whl", hash = "sha256:7a976c79b958f94e50a022a19f0f8c87387448020935ec14fc74331bd0a7f2c5", size = 10412850, upload-time = "2026-09-03T16:57:26.416Z" },
]
